// !$*UTF8*$!
{
	archiveVersion = 1;
	classes = {
	};
	objectVersion = 51;
	objects = {

/* Begin PBXBuildFile section */
		814FE2762641533800CF0544 /* AppDelegate.swift in Sources */ = {isa = PBXBuildFile; fileRef = 814FE2752641533800CF0544 /* AppDelegate.swift */; };
		814FE2782641533800CF0544 /* SceneDelegate.swift in Sources */ = {isa = PBXBuildFile; fileRef = 814FE2772641533800CF0544 /* SceneDelegate.swift */; };
		814FE27D2641533800CF0544 /* Main.storyboard in Resources */ = {isa = PBXBuildFile; fileRef = 814FE27B2641533800CF0544 /* Main.storyboard */; };
		814FE27F2641533900CF0544 /* Assets.xcassets in Resources */ = {isa = PBXBuildFile; fileRef = 814FE27E2641533900CF0544 /* Assets.xcassets */; };
		814FE2822641533900CF0544 /* LaunchScreen.storyboard in Resources */ = {isa = PBXBuildFile; fileRef = 814FE2802641533900CF0544 /* LaunchScreen.storyboard */; };
		814FE28C264153D600CF0544 /* LogInTableViewController.swift in Sources */ = {isa = PBXBuildFile; fileRef = 814FE28B264153D600CF0544 /* LogInTableViewController.swift */; };
		814FE2912641622900CF0544 /* String + Extension.swift in Sources */ = {isa = PBXBuildFile; fileRef = 814FE2902641622900CF0544 /* String + Extension.swift */; };
		814FE2952641627B00CF0544 /* UIAlertController + Extension.swift in Sources */ = {isa = PBXBuildFile; fileRef = 814FE2942641627B00CF0544 /* UIAlertController + Extension.swift */; };
		814FE2982641629500CF0544 /* UIVewController + Extension.swift in Sources */ = {isa = PBXBuildFile; fileRef = 814FE2972641629500CF0544 /* UIVewController + Extension.swift */; };
		814FE29F2641702400CF0544 /* SignUpTableViewController.swift in Sources */ = {isa = PBXBuildFile; fileRef = 814FE29E2641702400CF0544 /* SignUpTableViewController.swift */; };
		A325131D842B6B2B97C5EADF /* Pods_MyLoginApp.framework in Frameworks */ = {isa = PBXBuildFile; fileRef = 4C827719C81BC0A6B57ABB38 /* Pods_MyLoginApp.framework */; };
/* End PBXBuildFile section */

/* Begin PBXFileReference section */
		327ABE1DA5E9B37E067651C7 /* Pods-MyLoginApp.debug.xcconfig */ = {isa = PBXFileReference; includeInIndex = 1; lastKnownFileType = text.xcconfig; name = "Pods-MyLoginApp.debug.xcconfig"; path = "Target Support Files/Pods-MyLoginApp/Pods-MyLoginApp.debug.xcconfig"; sourceTree = "<group>"; };
		4C827719C81BC0A6B57ABB38 /* Pods_MyLoginApp.framework */ = {isa = PBXFileReference; explicitFileType = wrapper.framework; includeInIndex = 0; path = Pods_MyLoginApp.framework; sourceTree = BUILT_PRODUCTS_DIR; };
		814FE2722641533800CF0544 /* MyLoginApp.app */ = {isa = PBXFileReference; explicitFileType = wrapper.application; includeInIndex = 0; path = MyLoginApp.app; sourceTree = BUILT_PRODUCTS_DIR; };
		814FE2752641533800CF0544 /* AppDelegate.swift */ = {isa = PBXFileReference; lastKnownFileType = sourcecode.swift; path = AppDelegate.swift; sourceTree = "<group>"; };
		814FE2772641533800CF0544 /* SceneDelegate.swift */ = {isa = PBXFileReference; lastKnownFileType = sourcecode.swift; path = SceneDelegate.swift; sourceTree = "<group>"; };
		814FE27C2641533800CF0544 /* Base */ = {isa = PBXFileReference; lastKnownFileType = file.storyboard; name = Base; path = Base.lproj/Main.storyboard; sourceTree = "<group>"; };
		814FE27E2641533900CF0544 /* Assets.xcassets */ = {isa = PBXFileReference; lastKnownFileType = folder.assetcatalog; path = Assets.xcassets; sourceTree = "<group>"; };
		814FE2812641533900CF0544 /* Base */ = {isa = PBXFileReference; lastKnownFileType = file.storyboard; name = Base; path = Base.lproj/LaunchScreen.storyboard; sourceTree = "<group>"; };
		814FE2832641533900CF0544 /* Info.plist */ = {isa = PBXFileReference; lastKnownFileType = text.plist.xml; path = Info.plist; sourceTree = "<group>"; };
		814FE28B264153D600CF0544 /* LogInTableViewController.swift */ = {isa = PBXFileReference; lastKnownFileType = sourcecode.swift; path = LogInTableViewController.swift; sourceTree = "<group>"; };
		814FE2902641622900CF0544 /* String + Extension.swift */ = {isa = PBXFileReference; lastKnownFileType = sourcecode.swift; path = "String + Extension.swift"; sourceTree = "<group>"; };
		814FE2942641627B00CF0544 /* UIAlertController + Extension.swift */ = {isa = PBXFileReference; lastKnownFileType = sourcecode.swift; path = "UIAlertController + Extension.swift"; sourceTree = "<group>"; };
		814FE2972641629500CF0544 /* UIVewController + Extension.swift */ = {isa = PBXFileReference; lastKnownFileType = sourcecode.swift; path = "UIVewController + Extension.swift"; sourceTree = "<group>"; };
		814FE29E2641702400CF0544 /* SignUpTableViewController.swift */ = {isa = PBXFileReference; lastKnownFileType = sourcecode.swift; path = SignUpTableViewController.swift; sourceTree = "<group>"; };
		81F67D44FA95771A9BC425E0 /* Pods-MyLoginApp.release.xcconfig */ = {isa = PBXFileReference; includeInIndex = 1; lastKnownFileType = text.xcconfig; name = "Pods-MyLoginApp.release.xcconfig"; path = "Target Support Files/Pods-MyLoginApp/Pods-MyLoginApp.release.xcconfig"; sourceTree = "<group>"; };
/* End PBXFileReference section */

/* Begin PBXFrameworksBuildPhase section */
		814FE26F2641533800CF0544 /* Frameworks */ = {
			isa = PBXFrameworksBuildPhase;
			buildActionMask = 2147483647;
			files = (
				A325131D842B6B2B97C5EADF /* Pods_MyLoginApp.framework in Frameworks */,
			);
			runOnlyForDeploymentPostprocessing = 0;
		};
/* End PBXFrameworksBuildPhase section */

/* Begin PBXGroup section */
		814FE2692641533800CF0544 = {
			isa = PBXGroup;
			children = (
				814FE2742641533800CF0544 /* MyLoginApp */,
				814FE2732641533800CF0544 /* Products */,
				9827C70C099D5718668D3751 /* Pods */,
				BE159F32E15C6FA2C9E289A6 /* Frameworks */,
			);
			sourceTree = "<group>";
		};
		814FE2732641533800CF0544 /* Products */ = {
			isa = PBXGroup;
			children = (
				814FE2722641533800CF0544 /* MyLoginApp.app */,
			);
			name = Products;
			sourceTree = "<group>";
		};
		814FE2742641533800CF0544 /* MyLoginApp */ = {
			isa = PBXGroup;
			children = (
				814FE29B2641634900CF0544 /* LogIn */,
				814FE2A12641704D00CF0544 /* SignUp */,
				814FE28F264161D600CF0544 /* Extension */,
				814FE2752641533800CF0544 /* AppDelegate.swift */,
				814FE2772641533800CF0544 /* SceneDelegate.swift */,
				814FE27B2641533800CF0544 /* Main.storyboard */,
				814FE27E2641533900CF0544 /* Assets.xcassets */,
				814FE2802641533900CF0544 /* LaunchScreen.storyboard */,
				814FE2832641533900CF0544 /* Info.plist */,
			);
			path = MyLoginApp;
			sourceTree = "<group>";
		};
		814FE28F264161D600CF0544 /* Extension */ = {
			isa = PBXGroup;
			children = (
				814FE2902641622900CF0544 /* String + Extension.swift */,
				814FE2942641627B00CF0544 /* UIAlertController + Extension.swift */,
				814FE2972641629500CF0544 /* UIVewController + Extension.swift */,
			);
			path = Extension;
			sourceTree = "<group>";
		};
		814FE29B2641634900CF0544 /* LogIn */ = {
			isa = PBXGroup;
			children = (
				814FE28B264153D600CF0544 /* LogInTableViewController.swift */,
			);
			path = LogIn;
			sourceTree = "<group>";
		};
		814FE2A12641704D00CF0544 /* SignUp */ = {
			isa = PBXGroup;
			children = (
				814FE29E2641702400CF0544 /* SignUpTableViewController.swift */,
			);
			path = SignUp;
			sourceTree = "<group>";
		};
		9827C70C099D5718668D3751 /* Pods */ = {
			isa = PBXGroup;
			children = (
				327ABE1DA5E9B37E067651C7 /* Pods-MyLoginApp.debug.xcconfig */,
				81F67D44FA95771A9BC425E0 /* Pods-MyLoginApp.release.xcconfig */,
			);
			path = Pods;
			sourceTree = "<group>";
		};
		BE159F32E15C6FA2C9E289A6 /* Frameworks */ = {
			isa = PBXGroup;
			children = (
				4C827719C81BC0A6B57ABB38 /* Pods_MyLoginApp.framework */,
			);
			name = Frameworks;
			sourceTree = "<group>";
		};
/* End PBXGroup section */

/* Begin PBXNativeTarget section */
		814FE2712641533800CF0544 /* MyLoginApp */ = {
			isa = PBXNativeTarget;
			buildConfigurationList = 814FE2862641533900CF0544 /* Build configuration list for PBXNativeTarget "MyLoginApp" */;
			buildPhases = (
				68B9869977648A70A5252C9C /* [CP] Check Pods Manifest.lock */,
				814FE26E2641533800CF0544 /* Sources */,
				814FE26F2641533800CF0544 /* Frameworks */,
				814FE2702641533800CF0544 /* Resources */,
				31574B09B589FC4DA439FE12 /* [CP] Embed Pods Frameworks */,
			);
			buildRules = (
			);
			dependencies = (
			);
			name = MyLoginApp;
			productName = MyLoginApp;
			productReference = 814FE2722641533800CF0544 /* MyLoginApp.app */;
			productType = "com.apple.product-type.application";
		};
/* End PBXNativeTarget section */

/* Begin PBXProject section */
		814FE26A2641533800CF0544 /* Project object */ = {
			isa = PBXProject;
			attributes = {
				LastSwiftUpdateCheck = 1240;
				LastUpgradeCheck = 1240;
				TargetAttributes = {
					814FE2712641533800CF0544 = {
						CreatedOnToolsVersion = 12.4;
					};
				};
			};
			buildConfigurationList = 814FE26D2641533800CF0544 /* Build configuration list for PBXProject "MyLoginApp" */;
			compatibilityVersion = "Xcode 9.3";
			developmentRegion = en;
			hasScannedForEncodings = 0;
			knownRegions = (
				en,
				Base,
			);
			mainGroup = 814FE2692641533800CF0544;
			productRefGroup = 814FE2732641533800CF0544 /* Products */;
			projectDirPath = "";
			projectRoot = "";
			targets = (
				814FE2712641533800CF0544 /* MyLoginApp */,
			);
		};
/* End PBXProject section */

/* Begin PBXResourcesBuildPhase section */
		814FE2702641533800CF0544 /* Resources */ = {
			isa = PBXResourcesBuildPhase;
			buildActionMask = 2147483647;
			files = (
				814FE2822641533900CF0544 /* LaunchScreen.storyboard in Resources */,
				814FE27F2641533900CF0544 /* Assets.xcassets in Resources */,
				814FE27D2641533800CF0544 /* Main.storyboard in Resources */,
			);
			runOnlyForDeploymentPostprocessing = 0;
		};
/* End PBXResourcesBuildPhase section */

/* Begin PBXShellScriptBuildPhase section */
		31574B09B589FC4DA439FE12 /* [CP] Embed Pods Frameworks */ = {
			isa = PBXShellScriptBuildPhase;
			buildActionMask = 2147483647;
			files = (
			);
			inputFileListPaths = (
				"${PODS_ROOT}/Target Support Files/Pods-MyLoginApp/Pods-MyLoginApp-frameworks-${CONFIGURATION}-input-files.xcfilelist",
			);
			name = "[CP] Embed Pods Frameworks";
			outputFileListPaths = (
				"${PODS_ROOT}/Target Support Files/Pods-MyLoginApp/Pods-MyLoginApp-frameworks-${CONFIGURATION}-output-files.xcfilelist",
			);
			runOnlyForDeploymentPostprocessing = 0;
			shellPath = /bin/sh;
			shellScript = "\"${PODS_ROOT}/Target Support Files/Pods-MyLoginApp/Pods-MyLoginApp-frameworks.sh\"\n";
			showEnvVarsInLog = 0;
		};
		68B9869977648A70A5252C9C /* [CP] Check Pods Manifest.lock */ = {
			isa = PBXShellScriptBuildPhase;
			buildActionMask = 2147483647;
			files = (
			);
			inputFileListPaths = (
			);
			inputPaths = (
				"${PODS_PODFILE_DIR_PATH}/Podfile.lock",
				"${PODS_ROOT}/Manifest.lock",
			);
			name = "[CP] Check Pods Manifest.lock";
			outputFileListPaths = (
			);
			outputPaths = (
				"$(DERIVED_FILE_DIR)/Pods-MyLoginApp-checkManifestLockResult.txt",
			);
			runOnlyForDeploymentPostprocessing = 0;
			shellPath = /bin/sh;
			shellScript = "diff \"${PODS_PODFILE_DIR_PATH}/Podfile.lock\" \"${PODS_ROOT}/Manifest.lock\" > /dev/null\nif [ $? != 0 ] ; then\n    # print error to STDERR\n    echo \"error: The sandbox is not in sync with the Podfile.lock. Run 'pod install' or update your CocoaPods installation.\" >&2\n    exit 1\nfi\n# This output is used by Xcode 'outputs' to avoid re-running this script phase.\necho \"SUCCESS\" > \"${SCRIPT_OUTPUT_FILE_0}\"\n";
			showEnvVarsInLog = 0;
		};
/* End PBXShellScriptBuildPhase section */

/* Begin PBXSourcesBuildPhase section */
		814FE26E2641533800CF0544 /* Sources */ = {
			isa = PBXSourcesBuildPhase;
			buildActionMask = 2147483647;
			files = (
				814FE2982641629500CF0544 /* UIVewController + Extension.swift in Sources */,
				814FE2762641533800CF0544 /* AppDelegate.swift in Sources */,
				814FE2952641627B00CF0544 /* UIAlertController + Extension.swift in Sources */,
				814FE28C264153D600CF0544 /* LogInTableViewController.swift in Sources */,
				814FE29F2641702400CF0544 /* SignUpTableViewController.swift in Sources */,
				814FE2912641622900CF0544 /* String + Extension.swift in Sources */,
				814FE2782641533800CF0544 /* SceneDelegate.swift in Sources */,
			);
			runOnlyForDeploymentPostprocessing = 0;
		};
/* End PBXSourcesBuildPhase section */

/* Begin PBXVariantGroup section */
		814FE27B2641533800CF0544 /* Main.storyboard */ = {
			isa = PBXVariantGroup;
			children = (
				814FE27C2641533800CF0544 /* Base */,
			);
			name = Main.storyboard;
			sourceTree = "<group>";
		};
		814FE2802641533900CF0544 /* LaunchScreen.storyboard */ = {
			isa = PBXVariantGroup;
			children = (
				814FE2812641533900CF0544 /* Base */,
			);
			name = LaunchScreen.storyboard;
			sourceTree = "<group>";
		};
/* End PBXVariantGroup section */

/* Begin XCBuildConfiguration section */
		814FE2842641533900CF0544 /* Debug */ = {
			isa = XCBuildConfiguration;
			buildSettings = {
				ALWAYS_SEARCH_USER_PATHS = NO;
				CLANG_ANALYZER_NONNULL = YES;
				CLANG_ANALYZER_NUMBER_OBJECT_CONVERSION = YES_AGGRESSIVE;
				CLANG_CXX_LANGUAGE_STANDARD = "gnu++14";
				CLANG_CXX_LIBRARY = "libc++";
				CLANG_ENABLE_MODULES = YES;
				CLANG_ENABLE_OBJC_ARC = YES;
				CLANG_ENABLE_OBJC_WEAK = YES;
				CLANG_WARN_BLOCK_CAPTURE_AUTORELEASING = YES;
				CLANG_WARN_BOOL_CONVERSION = YES;
				CLANG_WARN_COMMA = YES;
				CLANG_WARN_CONSTANT_CONVERSION = YES;
				CLANG_WARN_DEPRECATED_OBJC_IMPLEMENTATIONS = YES;
				CLANG_WARN_DIRECT_OBJC_ISA_USAGE = YES_ERROR;
				CLANG_WARN_DOCUMENTATION_COMMENTS = YES;
				CLANG_WARN_EMPTY_BODY = YES;
				CLANG_WARN_ENUM_CONVERSION = YES;
				CLANG_WARN_INFINITE_RECURSION = YES;
				CLANG_WARN_INT_CONVERSION = YES;
				CLANG_WARN_NON_LITERAL_NULL_CONVERSION = YES;
				CLANG_WARN_OBJC_IMPLICIT_RETAIN_SELF = YES;
				CLANG_WARN_OBJC_LITERAL_CONVERSION = YES;
				CLANG_WARN_OBJC_ROOT_CLASS = YES_ERROR;
				CLANG_WARN_QUOTED_INCLUDE_IN_FRAMEWORK_HEADER = YES;
				CLANG_WARN_RANGE_LOOP_ANALYSIS = YES;
				CLANG_WARN_STRICT_PROTOTYPES = YES;
				CLANG_WARN_SUSPICIOUS_MOVE = YES;
				CLANG_WARN_UNGUARDED_AVAILABILITY = YES_AGGRESSIVE;
				CLANG_WARN_UNREACHABLE_CODE = YES;
				CLANG_WARN__DUPLICATE_METHOD_MATCH = YES;
				COPY_PHASE_STRIP = NO;
				DEBUG_INFORMATION_FORMAT = dwarf;
				ENABLE_STRICT_OBJC_MSGSEND = YES;
				ENABLE_TESTABILITY = YES;
				GCC_C_LANGUAGE_STANDARD = gnu11;
				GCC_DYNAMIC_NO_PIC = NO;
				GCC_NO_COMMON_BLOCKS = YES;
				GCC_OPTIMIZATION_LEVEL = 0;
				GCC_PREPROCESSOR_DEFINITIONS = (
					"DEBUG=1",
					"$(inherited)",
				);
				GCC_WARN_64_TO_32_BIT_CONVERSION = YES;
				GCC_WARN_ABOUT_RETURN_TYPE = YES_ERROR;
				GCC_WARN_UNDECLARED_SELECTOR = YES;
				GCC_WARN_UNINITIALIZED_AUTOS = YES_AGGRESSIVE;
				GCC_WARN_UNUSED_FUNCTION = YES;
				GCC_WARN_UNUSED_VARIABLE = YES;
				IPHONEOS_DEPLOYMENT_TARGET = 14.4;
				MTL_ENABLE_DEBUG_INFO = INCLUDE_SOURCE;
				MTL_FAST_MATH = YES;
				ONLY_ACTIVE_ARCH = YES;
				SDKROOT = iphoneos;
				SWIFT_ACTIVE_COMPILATION_CONDITIONS = DEBUG;
				SWIFT_OPTIMIZATION_LEVEL = "-Onone";
			};
			name = Debug;
		};
		814FE2852641533900CF0544 /* Release */ = {
			isa = XCBuildConfiguration;
			buildSettings = {
				ALWAYS_SEARCH_USER_PATHS = NO;
				CLANG_ANALYZER_NONNULL = YES;
				CLANG_ANALYZER_NUMBER_OBJECT_CONVERSION = YES_AGGRESSIVE;
				CLANG_CXX_LANGUAGE_STANDARD = "gnu++14";
				CLANG_CXX_LIBRARY = "libc++";
				CLANG_ENABLE_MODULES = YES;
				CLANG_ENABLE_OBJC_ARC = YES;
				CLANG_ENABLE_OBJC_WEAK = YES;
				CLANG_WARN_BLOCK_CAPTURE_AUTORELEASING = YES;
				CLANG_WARN_BOOL_CONVERSION = YES;
				CLANG_WARN_COMMA = YES;
				CLANG_WARN_CONSTANT_CONVERSION = YES;
				CLANG_WARN_DEPRECATED_OBJC_IMPLEMENTATIONS = YES;
				CLANG_WARN_DIRECT_OBJC_ISA_USAGE = YES_ERROR;
				CLANG_WARN_DOCUMENTATION_COMMENTS = YES;
				CLANG_WARN_EMPTY_BODY = YES;
				CLANG_WARN_ENUM_CONVERSION = YES;
				CLANG_WARN_INFINITE_RECURSION = YES;
				CLANG_WARN_INT_CONVERSION = YES;
				CLANG_WARN_NON_LITERAL_NULL_CONVERSION = YES;
				CLANG_WARN_OBJC_IMPLICIT_RETAIN_SELF = YES;
				CLANG_WARN_OBJC_LITERAL_CONVERSION = YES;
				CLANG_WARN_OBJC_ROOT_CLASS = YES_ERROR;
				CLANG_WARN_QUOTED_INCLUDE_IN_FRAMEWORK_HEADER = YES;
				CLANG_WARN_RANGE_LOOP_ANALYSIS = YES;
				CLANG_WARN_STRICT_PROTOTYPES = YES;
				CLANG_WARN_SUSPICIOUS_MOVE = YES;
				CLANG_WARN_UNGUARDED_AVAILABILITY = YES_AGGRESSIVE;
				CLANG_WARN_UNREACHABLE_CODE = YES;
				CLANG_WARN__DUPLICATE_METHOD_MATCH = YES;
				COPY_PHASE_STRIP = NO;
				DEBUG_INFORMATION_FORMAT = "dwarf-with-dsym";
				ENABLE_NS_ASSERTIONS = NO;
				ENABLE_STRICT_OBJC_MSGSEND = YES;
				GCC_C_LANGUAGE_STANDARD = gnu11;
				GCC_NO_COMMON_BLOCKS = YES;
				GCC_WARN_64_TO_32_BIT_CONVERSION = YES;
				GCC_WARN_ABOUT_RETURN_TYPE = YES_ERROR;
				GCC_WARN_UNDECLARED_SELECTOR = YES;
				GCC_WARN_UNINITIALIZED_AUTOS = YES_AGGRESSIVE;
				GCC_WARN_UNUSED_FUNCTION = YES;
				GCC_WARN_UNUSED_VARIABLE = YES;
				IPHONEOS_DEPLOYMENT_TARGET = 14.4;
				MTL_ENABLE_DEBUG_INFO = NO;
				MTL_FAST_MATH = YES;
				SDKROOT = iphoneos;
				SWIFT_COMPILATION_MODE = wholemodule;
				SWIFT_OPTIMIZATION_LEVEL = "-O";
				VALIDATE_PRODUCT = YES;
			};
			name = Release;
		};
		814FE2872641533900CF0544 /* Debug */ = {
			isa = XCBuildConfiguration;
			baseConfigurationReference = 327ABE1DA5E9B37E067651C7 /* Pods-MyLoginApp.debug.xcconfig */;
			buildSettings = {
				ASSETCATALOG_COMPILER_APPICON_NAME = AppIcon;
				ASSETCATALOG_COMPILER_GLOBAL_ACCENT_COLOR_NAME = AccentColor;
				CODE_SIGN_STYLE = Automatic;
				INFOPLIST_FILE = MyLoginApp/Info.plist;
				IPHONEOS_DEPLOYMENT_TARGET = 13.4;
				LD_RUNPATH_SEARCH_PATHS = (
					"$(inherited)",
					"@executable_path/Frameworks",
				);
				PRODUCT_BUNDLE_IDENTIFIER = com.Demo.MyLoginApp;
				PRODUCT_NAME = "$(TARGET_NAME)";
				SWIFT_VERSION = 5.0;
				TARGETED_DEVICE_FAMILY = "1,2";
			};
			name = Debug;
		};
		814FE2882641533900CF0544 /* Release */ = {
			isa = XCBuildConfiguration;
			baseConfigurationReference = 81F67D44FA95771A9BC425E0 /* Pods-MyLoginApp.release.xcconfig */;
			buildSettings = {
				ASSETCATALOG_COMPILER_APPICON_NAME = AppIcon;
				ASSETCATALOG_COMPILER_GLOBAL_ACCENT_COLOR_NAME = AccentColor;
				CODE_SIGN_STYLE = Automatic;
				INFOPLIST_FILE = MyLoginApp/Info.plist;
				IPHONEOS_DEPLOYMENT_TARGET = 13.4;
				LD_RUNPATH_SEARCH_PATHS = (
					"$(inherited)",
					"@executable_path/Frameworks",
				);
				PRODUCT_BUNDLE_IDENTIFIER = com.Demo.MyLoginApp;
				PRODUCT_NAME = "$(TARGET_NAME)";
				SWIFT_VERSION = 5.0;
				TARGETED_DEVICE_FAMILY = "1,2";
			};
			name = Release;
		};
/* End XCBuildConfiguration section */

/* Begin XCConfigurationList section */
		814FE26D2641533800CF0544 /* Build configuration list for PBXProject "MyLoginApp" */ = {
			isa = XCConfigurationList;
			buildConfigurations = (
				814FE2842641533900CF0544 /* Debug */,
				814FE2852641533900CF0544 /* Release */,
			);
			defaultConfigurationIsVisible = 0;
			defaultConfigurationName = Release;
		};
		814FE2862641533900CF0544 /* Build configuration list for PBXNativeTarget "MyLoginApp" */ = {
			isa = XCConfigurationList;
			buildConfigurations = (
				814FE2872641533900CF0544 /* Debug */,
				814FE2882641533900CF0544 /* Release */,
			);
			defaultConfigurationIsVisible = 0;
			defaultConfigurationName = Release;
		};
/* End XCConfigurationList section */
	};
	rootObject = 814FE26A2641533800CF0544 /* Project object */;
}
